
Microsoft Visual Studio Solution File, Format Version 12.00
# Visual Studio 14
VisualStudioVersion = 14.0.24720.0
MinimumVisualStudioVersion = 10.0.40219.1
Project("{FAE04EC0-301F-11D3-BF4B-00C04F79EFBC}") = "01.NumbersOneToN", "01.NumbersOneToN\01.NumbersOneToN.csproj", "{A313C888-9A19-4919-BDCA-E4F9932D7B94}"
EndProject
Project("{FAE04EC0-301F-11D3-BF4B-00C04F79EFBC}") = "02.NotDivisibleNumbers", "02.NotDivisibleNumbers\02.NotDivisibleNumbers.csproj", "{33EA4D5E-FAB1-41A9-B758-ADACFCDDFDEB}"
EndProject
Project("{FAE04EC0-301F-11D3-BF4B-00C04F79EFBC}") = "03.MMSAOfNNumbers", "03.MMSAOfNNumbers\03.MMSAOfNNumbers.csproj", "{C7DE4886-3F8F-47F9-AFBF-9E88F2F6EF69}"
EndProject
Project("{FAE04EC0-301F-11D3-BF4B-00C04F79EFBC}") = "04.PrintADeck", "04.PrintADeck\04.PrintADeck.csproj", "{987BF987-D756-46B8-AE2D-A4DD845F9AAC}"
EndProject
Global
	GlobalSection(SolutionConfigurationPlatforms) = preSolution
		Debug|Any CPU = Debug|Any CPU
		Release|Any CPU = Release|Any CPU
	EndGlobalSection
	GlobalSection(ProjectConfigurationPlatforms) = postSolution
		{A313C888-9A19-4919-BDCA-E4F9932D7B94}.Debug|Any CPU.ActiveCfg = Debug|Any CPU
		{A313C888-9A19-4919-BDCA-E4F9932D7B94}.Debug|Any CPU.Build.0 = Debug|Any CPU
		{A313C888-9A19-4919-BDCA-E4F9932D7B94}.Release|Any CPU.ActiveCfg = Release|Any CPU
		{A313C888-9A19-4919-BDCA-E4F9932D7B94}.Release|Any CPU.Build.0 = Release|Any CPU
		{33EA4D5E-FAB1-41A9-B758-ADACFCDDFDEB}.Debug|Any CPU.ActiveCfg = Debug|Any CPU
		{33EA4D5E-FAB1-41A9-B758-ADACFCDDFDEB}.Debug|Any CPU.Build.0 = Debug|Any CPU
		{33EA4D5E-FAB1-41A9-B758-ADACFCDDFDEB}.Release|Any CPU.ActiveCfg = Release|Any CPU
		{33EA4D5E-FAB1-41A9-B758-ADACFCDDFDEB}.Release|Any CPU.Build.0 = Release|Any CPU
		{C7DE4886-3F8F-47F9-AFBF-9E88F2F6EF69}.Debug|Any CPU.ActiveCfg = Debug|Any CPU
		{C7DE4886-3F8F-47F9-AFBF-9E88F2F6EF69}.Debug|Any CPU.Build.0 = Debug|Any CPU
		{C7DE4886-3F8F-47F9-AFBF-9E88F2F6EF69}.Release|Any CPU.ActiveCfg = Release|Any CPU
		{C7DE4886-3F8F-47F9-AFBF-9E88F2F6EF69}.Release|Any CPU.Build.0 = Release|Any CPU
		{987BF987-D756-46B8-AE2D-A4DD845F9AAC}.Debug|Any CPU.ActiveCfg = Debug|Any CPU
		{987BF987-D756-46B8-AE2D-A4DD845F9AAC}.Debug|Any CPU.Build.0 = Debug|Any CPU
		{987BF987-D756-46B8-AE2D-A4DD845F9AAC}.Release|Any CPU.ActiveCfg = Release|Any CPU
		{987BF987-D756-46B8-AE2D-A4DD845F9AAC}.Release|Any CPU.Build.0 = Release|Any CPU
	EndGlobalSection
	GlobalSection(SolutionProperties) = preSolution
		HideSolutionNode = FALSE
	EndGlobalSection
EndGlobal
