
Microsoft Visual Studio Solution File, Format Version 12.00
# Visual Studio 14
VisualStudioVersion = 14.0.24720.0
MinimumVisualStudioVersion = 10.0.40219.1
Project("{FAE04EC0-301F-11D3-BF4B-00C04F79EFBC}") = "01.OddOrEven", "01.OddOrEven\01.OddOrEven.csproj", "{74161632-44BC-432F-882B-D57122A0DCF7}"
EndProject
Project("{FAE04EC0-301F-11D3-BF4B-00C04F79EFBC}") = "10.PointinCircleAndRect", "10.PointinCircleAndRect\10.PointinCircleAndRect.csproj", "{67AC771A-967A-4BD7-BB1C-3CC1FCE0D898}"
EndProject
Project("{FAE04EC0-301F-11D3-BF4B-00C04F79EFBC}") = "09.Trapezoids", "09.Trapezoids\09.Trapezoids.csproj", "{D2A1773B-DAEB-4114-9CEA-101444449369}"
EndProject
Project("{FAE04EC0-301F-11D3-BF4B-00C04F79EFBC}") = "08.PrimeCheck", "08.PrimeCheck\08.PrimeCheck.csproj", "{B0ADC534-95D9-4D34-A175-D965F45A5499}"
EndProject
Project("{FAE04EC0-301F-11D3-BF4B-00C04F79EFBC}") = "07.PointInCircle", "07.PointInCircle\07.PointInCircle.csproj", "{4762D897-E26D-480F-BE02-40F1FCB0A21B}"
EndProject
Project("{FAE04EC0-301F-11D3-BF4B-00C04F79EFBC}") = "06.FourDigits", "06.FourDigits\06.FourDigits.csproj", "{2C5C3A0B-809D-4C02-A6B7-FB19FF40726E}"
EndProject
Project("{FAE04EC0-301F-11D3-BF4B-00C04F79EFBC}") = "02.MoonGravity", "02.MoonGravity\02.MoonGravity.csproj", "{EB33E1F8-B980-4322-99C1-29752C09279A}"
EndProject
Project("{FAE04EC0-301F-11D3-BF4B-00C04F79EFBC}") = "03.DivideBySevenAndFive", "03.DivideBySevenAndFive\03.DivideBySevenAndFive.csproj", "{66D3E99C-001E-4B36-A291-8DADEB2CDA71}"
EndProject
Project("{FAE04EC0-301F-11D3-BF4B-00C04F79EFBC}") = "04.Rectangles", "04.Rectangles\04.Rectangles.csproj", "{9856D06A-442E-42AC-A1E9-02EC4E8448A6}"
EndProject
Project("{FAE04EC0-301F-11D3-BF4B-00C04F79EFBC}") = "05.ThirdDigit", "05.ThirdDigit\05.ThirdDigit.csproj", "{7E50411F-AC03-4293-A32B-9F64852843D3}"
EndProject
Project("{FAE04EC0-301F-11D3-BF4B-00C04F79EFBC}") = "11.ThirdBit", "11.ThirdBit\11.ThirdBit.csproj", "{916E1A19-99F8-4EEA-A662-4243D95DE8FE}"
EndProject
Project("{FAE04EC0-301F-11D3-BF4B-00C04F79EFBC}") = "12.NthBit", "12.NthBit\12.NthBit.csproj", "{9FA4E854-FACE-4B0A-B8AC-44CAAA776053}"
EndProject
Project("{FAE04EC0-301F-11D3-BF4B-00C04F79EFBC}") = "13.ModifyBit", "13.ModifyBit\13.ModifyBit.csproj", "{1BBEDBCF-E74E-4DD9-AE28-3079E3146EA2}"
EndProject
Project("{FAE04EC0-301F-11D3-BF4B-00C04F79EFBC}") = "14.BitExchange", "14.BitExchange\14.BitExchange.csproj", "{3FDF8770-3CF8-4635-ACBA-F53C3F45A476}"
EndProject
Global
	GlobalSection(SolutionConfigurationPlatforms) = preSolution
		Debug|Any CPU = Debug|Any CPU
		Release|Any CPU = Release|Any CPU
	EndGlobalSection
	GlobalSection(ProjectConfigurationPlatforms) = postSolution
		{74161632-44BC-432F-882B-D57122A0DCF7}.Debug|Any CPU.ActiveCfg = Debug|Any CPU
		{74161632-44BC-432F-882B-D57122A0DCF7}.Debug|Any CPU.Build.0 = Debug|Any CPU
		{74161632-44BC-432F-882B-D57122A0DCF7}.Release|Any CPU.ActiveCfg = Release|Any CPU
		{74161632-44BC-432F-882B-D57122A0DCF7}.Release|Any CPU.Build.0 = Release|Any CPU
		{67AC771A-967A-4BD7-BB1C-3CC1FCE0D898}.Debug|Any CPU.ActiveCfg = Debug|Any CPU
		{67AC771A-967A-4BD7-BB1C-3CC1FCE0D898}.Debug|Any CPU.Build.0 = Debug|Any CPU
		{67AC771A-967A-4BD7-BB1C-3CC1FCE0D898}.Release|Any CPU.ActiveCfg = Release|Any CPU
		{67AC771A-967A-4BD7-BB1C-3CC1FCE0D898}.Release|Any CPU.Build.0 = Release|Any CPU
		{D2A1773B-DAEB-4114-9CEA-101444449369}.Debug|Any CPU.ActiveCfg = Debug|Any CPU
		{D2A1773B-DAEB-4114-9CEA-101444449369}.Debug|Any CPU.Build.0 = Debug|Any CPU
		{D2A1773B-DAEB-4114-9CEA-101444449369}.Release|Any CPU.ActiveCfg = Release|Any CPU
		{D2A1773B-DAEB-4114-9CEA-101444449369}.Release|Any CPU.Build.0 = Release|Any CPU
		{B0ADC534-95D9-4D34-A175-D965F45A5499}.Debug|Any CPU.ActiveCfg = Debug|Any CPU
		{B0ADC534-95D9-4D34-A175-D965F45A5499}.Debug|Any CPU.Build.0 = Debug|Any CPU
		{B0ADC534-95D9-4D34-A175-D965F45A5499}.Release|Any CPU.ActiveCfg = Release|Any CPU
		{B0ADC534-95D9-4D34-A175-D965F45A5499}.Release|Any CPU.Build.0 = Release|Any CPU
		{4762D897-E26D-480F-BE02-40F1FCB0A21B}.Debug|Any CPU.ActiveCfg = Debug|Any CPU
		{4762D897-E26D-480F-BE02-40F1FCB0A21B}.Debug|Any CPU.Build.0 = Debug|Any CPU
		{4762D897-E26D-480F-BE02-40F1FCB0A21B}.Release|Any CPU.ActiveCfg = Release|Any CPU
		{4762D897-E26D-480F-BE02-40F1FCB0A21B}.Release|Any CPU.Build.0 = Release|Any CPU
		{2C5C3A0B-809D-4C02-A6B7-FB19FF40726E}.Debug|Any CPU.ActiveCfg = Debug|Any CPU
		{2C5C3A0B-809D-4C02-A6B7-FB19FF40726E}.Debug|Any CPU.Build.0 = Debug|Any CPU
		{2C5C3A0B-809D-4C02-A6B7-FB19FF40726E}.Release|Any CPU.ActiveCfg = Release|Any CPU
		{2C5C3A0B-809D-4C02-A6B7-FB19FF40726E}.Release|Any CPU.Build.0 = Release|Any CPU
		{EB33E1F8-B980-4322-99C1-29752C09279A}.Debug|Any CPU.ActiveCfg = Debug|Any CPU
		{EB33E1F8-B980-4322-99C1-29752C09279A}.Debug|Any CPU.Build.0 = Debug|Any CPU
		{EB33E1F8-B980-4322-99C1-29752C09279A}.Release|Any CPU.ActiveCfg = Release|Any CPU
		{EB33E1F8-B980-4322-99C1-29752C09279A}.Release|Any CPU.Build.0 = Release|Any CPU
		{66D3E99C-001E-4B36-A291-8DADEB2CDA71}.Debug|Any CPU.ActiveCfg = Debug|Any CPU
		{66D3E99C-001E-4B36-A291-8DADEB2CDA71}.Debug|Any CPU.Build.0 = Debug|Any CPU
		{66D3E99C-001E-4B36-A291-8DADEB2CDA71}.Release|Any CPU.ActiveCfg = Release|Any CPU
		{66D3E99C-001E-4B36-A291-8DADEB2CDA71}.Release|Any CPU.Build.0 = Release|Any CPU
		{9856D06A-442E-42AC-A1E9-02EC4E8448A6}.Debug|Any CPU.ActiveCfg = Debug|Any CPU
		{9856D06A-442E-42AC-A1E9-02EC4E8448A6}.Debug|Any CPU.Build.0 = Debug|Any CPU
		{9856D06A-442E-42AC-A1E9-02EC4E8448A6}.Release|Any CPU.ActiveCfg = Release|Any CPU
		{9856D06A-442E-42AC-A1E9-02EC4E8448A6}.Release|Any CPU.Build.0 = Release|Any CPU
		{7E50411F-AC03-4293-A32B-9F64852843D3}.Debug|Any CPU.ActiveCfg = Debug|Any CPU
		{7E50411F-AC03-4293-A32B-9F64852843D3}.Debug|Any CPU.Build.0 = Debug|Any CPU
		{7E50411F-AC03-4293-A32B-9F64852843D3}.Release|Any CPU.ActiveCfg = Release|Any CPU
		{7E50411F-AC03-4293-A32B-9F64852843D3}.Release|Any CPU.Build.0 = Release|Any CPU
		{916E1A19-99F8-4EEA-A662-4243D95DE8FE}.Debug|Any CPU.ActiveCfg = Debug|Any CPU
		{916E1A19-99F8-4EEA-A662-4243D95DE8FE}.Debug|Any CPU.Build.0 = Debug|Any CPU
		{916E1A19-99F8-4EEA-A662-4243D95DE8FE}.Release|Any CPU.ActiveCfg = Release|Any CPU
		{916E1A19-99F8-4EEA-A662-4243D95DE8FE}.Release|Any CPU.Build.0 = Release|Any CPU
		{9FA4E854-FACE-4B0A-B8AC-44CAAA776053}.Debug|Any CPU.ActiveCfg = Debug|Any CPU
		{9FA4E854-FACE-4B0A-B8AC-44CAAA776053}.Debug|Any CPU.Build.0 = Debug|Any CPU
		{9FA4E854-FACE-4B0A-B8AC-44CAAA776053}.Release|Any CPU.ActiveCfg = Release|Any CPU
		{9FA4E854-FACE-4B0A-B8AC-44CAAA776053}.Release|Any CPU.Build.0 = Release|Any CPU
		{1BBEDBCF-E74E-4DD9-AE28-3079E3146EA2}.Debug|Any CPU.ActiveCfg = Debug|Any CPU
		{1BBEDBCF-E74E-4DD9-AE28-3079E3146EA2}.Debug|Any CPU.Build.0 = Debug|Any CPU
		{1BBEDBCF-E74E-4DD9-AE28-3079E3146EA2}.Release|Any CPU.ActiveCfg = Release|Any CPU
		{1BBEDBCF-E74E-4DD9-AE28-3079E3146EA2}.Release|Any CPU.Build.0 = Release|Any CPU
		{3FDF8770-3CF8-4635-ACBA-F53C3F45A476}.Debug|Any CPU.ActiveCfg = Debug|Any CPU
		{3FDF8770-3CF8-4635-ACBA-F53C3F45A476}.Debug|Any CPU.Build.0 = Debug|Any CPU
		{3FDF8770-3CF8-4635-ACBA-F53C3F45A476}.Release|Any CPU.ActiveCfg = Release|Any CPU
		{3FDF8770-3CF8-4635-ACBA-F53C3F45A476}.Release|Any CPU.Build.0 = Release|Any CPU
	EndGlobalSection
	GlobalSection(SolutionProperties) = preSolution
		HideSolutionNode = FALSE
	EndGlobalSection
EndGlobal
